
Microsoft Visual Studio Solution File, Format Version 12.00
# Visual Studio Version 17
VisualStudioVersion = 17.3.32825.248
MinimumVisualStudioVersion = 10.0.40219.1
Project("{FAE04EC0-301F-11D3-BF4B-00C04F79EFBC}") = "LongestCommonPrefix", "LongestCommonPrefix\LongestCommonPrefix.csproj", "{7A89B3EF-FBAB-4D49-8E54-BAFAE1D9D923}"
EndProject
Global
	GlobalSection(SolutionConfigurationPlatforms) = preSolution
		Debug|Any CPU = Debug|Any CPU
		Release|Any CPU = Release|Any CPU
	EndGlobalSection
	GlobalSection(ProjectConfigurationPlatforms) = postSolution
		{7A89B3EF-FBAB-4D49-8E54-BAFAE1D9D923}.Debug|Any CPU.ActiveCfg = Debug|Any CPU
		{7A89B3EF-FBAB-4D49-8E54-BAFAE1D9D923}.Debug|Any CPU.Build.0 = Debug|Any CPU
		{7A89B3EF-FBAB-4D49-8E54-BAFAE1D9D923}.Release|Any CPU.ActiveCfg = Release|Any CPU
		{7A89B3EF-FBAB-4D49-8E54-BAFAE1D9D923}.Release|Any CPU.Build.0 = Release|Any CPU
	EndGlobalSection
	GlobalSection(SolutionProperties) = preSolution
		HideSolutionNode = FALSE
	EndGlobalSection
	GlobalSection(ExtensibilityGlobals) = postSolution
		SolutionGuid = {E560E15B-5824-48FF-96CC-5267F3B7C1F8}
	EndGlobalSection
EndGlobal
