
Microsoft Visual Studio Solution File, Format Version 12.00
# Visual Studio Version 17
VisualStudioVersion = 17.3.32825.248
MinimumVisualStudioVersion = 10.0.40219.1
Project("{FAE04EC0-301F-11D3-BF4B-00C04F79EFBC}") = "ContainerWithMostWater", "ContainerWithMostWater\ContainerWithMostWater.csproj", "{09314B3C-2E8B-4D49-9861-0F781F208F9C}"
EndProject
Global
	GlobalSection(SolutionConfigurationPlatforms) = preSolution
		Debug|Any CPU = Debug|Any CPU
		Release|Any CPU = Release|Any CPU
	EndGlobalSection
	GlobalSection(ProjectConfigurationPlatforms) = postSolution
		{09314B3C-2E8B-4D49-9861-0F781F208F9C}.Debug|Any CPU.ActiveCfg = Debug|Any CPU
		{09314B3C-2E8B-4D49-9861-0F781F208F9C}.Debug|Any CPU.Build.0 = Debug|Any CPU
		{09314B3C-2E8B-4D49-9861-0F781F208F9C}.Release|Any CPU.ActiveCfg = Release|Any CPU
		{09314B3C-2E8B-4D49-9861-0F781F208F9C}.Release|Any CPU.Build.0 = Release|Any CPU
	EndGlobalSection
	GlobalSection(SolutionProperties) = preSolution
		HideSolutionNode = FALSE
	EndGlobalSection
	GlobalSection(ExtensibilityGlobals) = postSolution
		SolutionGuid = {2E4C461A-A257-4BB5-87FF-8709C62DCCF9}
	EndGlobalSection
EndGlobal
